{
  "nodes": {
    "logos-cpp-sdk": {
      "inputs": {
        "logos-nix": "logos-nix",
        "nixpkgs": [
          "logos-cpp-sdk",
          "logos-nix",
          "nixpkgs"
        ]
      },
      "locked": {
        "lastModified": 1774530738,
        "narHash": "sha256-EXZ0nsVbBHdeFuXZsSeMNsTi10kA/tpxwea1PJny7G8=",
        "owner": "logos-co",
        "repo": "logos-cpp-sdk",
        "rev": "01221559b7e5d7db1362128f5888adddd8a23bda",
        "type": "github"
      },
      "original": {
        "owner": "logos-co",
        "repo": "logos-cpp-sdk",
        "type": "github"
      }
    },
    "logos-module": {
      "inputs": {
        "logos-nix": "logos-nix_2",
        "nixpkgs": [
          "logos-module",
          "logos-nix",
          "nixpkgs"
        ]
      },
      "locked": {
        "lastModified": 1774455286,
        "narHash": "sha256-rE4xxKOThAnaZhA0K8Gjf8mxne7dZyerLOlXI7qvHpQ=",
        "owner": "logos-co",
        "repo": "logos-module",
        "rev": "c4c6bb273f1020351fb4944f3243610c98bd6b49",
        "type": "github"
      },
      "original": {
        "owner": "logos-co",
        "repo": "logos-module",
        "type": "github"
      }
    },
    "logos-nix": {
      "inputs": {
        "nixpkgs": "nixpkgs"
      },
      "locked": {
        "lastModified": 1773955630,
        "narHash": "sha256-KqzMoWYIVp2xMgphs7v02T/BE54RKMFxpdC2duhJKG0=",
        "owner": "logos-co",
        "repo": "logos-nix",
        "rev": "0e9e6d66ab8eb34f59e45ed448f7dc29130feb88",
        "type": "github"
      },
      "original": {
        "owner": "logos-co",
        "repo": "logos-nix",
        "type": "github"
      }
    },
    "logos-nix_10": {
      "inputs": {
        "nixpkgs": "nixpkgs_10"
      },
      "locked": {
        "lastModified": 1773955630,
        "narHash": "sha256-KqzMoWYIVp2xMgphs7v02T/BE54RKMFxpdC2duhJKG0=",
        "owner": "logos-co",
        "repo": "logos-nix",
        "rev": "0e9e6d66ab8eb34f59e45ed448f7dc29130feb88",
        "type": "github"
      },
      "original": {
        "owner": "logos-co",
        "repo": "logos-nix",
        "type": "github"
      }
    },
    "logos-nix_11": {
      "inputs": {
        "nixpkgs": "nixpkgs_11"
      },
      "locked": {
        "lastModified": 1773955630,
        "narHash": "sha256-KqzMoWYIVp2xMgphs7v02T/BE54RKMFxpdC2duhJKG0=",
        "owner": "logos-co",
        "repo": "logos-nix",
        "rev": "0e9e6d66ab8eb34f59e45ed448f7dc29130feb88",
        "type": "github"
      },
      "original": {
        "owner": "logos-co",
        "repo": "logos-nix",
        "type": "github"
      }
    },
    "logos-nix_2": {
      "inputs": {
        "nixpkgs": "nixpkgs_2"
      },
      "locked": {
        "lastModified": 1773955630,
        "narHash": "sha256-KqzMoWYIVp2xMgphs7v02T/BE54RKMFxpdC2duhJKG0=",
        "owner": "logos-co",
        "repo": "logos-nix",
        "rev": "0e9e6d66ab8eb34f59e45ed448f7dc29130feb88",
        "type": "github"
      },
      "original": {
        "owner": "logos-co",
        "repo": "logos-nix",
        "type": "github"
      }
    },
    "logos-nix_3": {
      "inputs": {
        "nixpkgs": "nixpkgs_3"
      },
      "locked": {
        "lastModified": 1774455309,
        "narHash": "sha256-3AN7aFnArdysrbQQ2UskWzjNSFADb4hDCsnx69Fa0ng=",
        "owner": "logos-co",
        "repo": "logos-nix",
        "rev": "e637a1f5e871244d1c2df1e3c52a067f2eb406f2",
        "type": "github"
      },
      "original": {
        "owner": "logos-co",
        "repo": "logos-nix",
        "type": "github"
      }
    },
    "logos-nix_4": {
      "inputs": {
        "nixpkgs": "nixpkgs_4"
      },
      "locked": {
        "lastModified": 1773955630,
        "narHash": "sha256-KqzMoWYIVp2xMgphs7v02T/BE54RKMFxpdC2duhJKG0=",
        "owner": "logos-co",
        "repo": "logos-nix",
        "rev": "0e9e6d66ab8eb34f59e45ed448f7dc29130feb88",
        "type": "github"
      },
      "original": {
        "owner": "logos-co",
        "repo": "logos-nix",
        "type": "github"
      }
    },
    "logos-nix_5": {
      "inputs": {
        "nixpkgs": "nixpkgs_5"
      },
      "locked": {
        "lastModified": 1773955630,
        "narHash": "sha256-KqzMoWYIVp2xMgphs7v02T/BE54RKMFxpdC2duhJKG0=",
        "owner": "logos-co",
        "repo": "logos-nix",
        "rev": "0e9e6d66ab8eb34f59e45ed448f7dc29130feb88",
        "type": "github"
      },
      "original": {
        "owner": "logos-co",
        "repo": "logos-nix",
        "type": "github"
      }
    },
    "logos-nix_6": {
      "inputs": {
        "nixpkgs": "nixpkgs_6"
      },
      "locked": {
        "lastModified": 1773955630,
        "narHash": "sha256-KqzMoWYIVp2xMgphs7v02T/BE54RKMFxpdC2duhJKG0=",
        "owner": "logos-co",
        "repo": "logos-nix",
        "rev": "0e9e6d66ab8eb34f59e45ed448f7dc29130feb88",
        "type": "github"
      },
      "original": {
        "owner": "logos-co",
        "repo": "logos-nix",
        "type": "github"
      }
    },
    "logos-nix_7": {
      "inputs": {
        "nixpkgs": "nixpkgs_7"
      },
      "locked": {
        "lastModified": 1773955630,
        "narHash": "sha256-KqzMoWYIVp2xMgphs7v02T/BE54RKMFxpdC2duhJKG0=",
        "owner": "logos-co",
        "repo": "logos-nix",
        "rev": "0e9e6d66ab8eb34f59e45ed448f7dc29130feb88",
        "type": "github"
      },
      "original": {
        "owner": "logos-co",
        "repo": "logos-nix",
        "type": "github"
      }
    },
    "logos-nix_8": {
      "inputs": {
        "nixpkgs": "nixpkgs_8"
      },
      "locked": {
        "lastModified": 1773955630,
        "narHash": "sha256-KqzMoWYIVp2xMgphs7v02T/BE54RKMFxpdC2duhJKG0=",
        "owner": "logos-co",
        "repo": "logos-nix",
        "rev": "0e9e6d66ab8eb34f59e45ed448f7dc29130feb88",
        "type": "github"
      },
      "original": {
        "owner": "logos-co",
        "repo": "logos-nix",
        "type": "github"
      }
    },
    "logos-nix_9": {
      "inputs": {
        "nixpkgs": "nixpkgs_9"
      },
      "locked": {
        "lastModified": 1773955630,
        "narHash": "sha256-KqzMoWYIVp2xMgphs7v02T/BE54RKMFxpdC2duhJKG0=",
        "owner": "logos-co",
        "repo": "logos-nix",
        "rev": "0e9e6d66ab8eb34f59e45ed448f7dc29130feb88",
        "type": "github"
      },
      "original": {
        "owner": "logos-co",
        "repo": "logos-nix",
        "type": "github"
      }
    },
    "logos-package": {
      "inputs": {
        "logos-nix": "logos-nix_5",
        "nixpkgs": [
          "logos-package-manager",
          "logos-package",
          "logos-nix",
          "nixpkgs"
        ]
      },
      "locked": {
        "lastModified": 1773965173,
        "narHash": "sha256-toDnGXUthRcQm7vcEYzb2bLI7FE1tbfzH8Ie2Cnb9mk=",
        "owner": "logos-co",
        "repo": "logos-package",
        "rev": "9e3730d5c0e3ec955761c05b50e3a6047ee4030b",
        "type": "github"
      },
      "original": {
        "owner": "logos-co",
        "repo": "logos-package",
        "type": "github"
      }
    },
    "logos-package-manager": {
      "inputs": {
        "logos-nix": "logos-nix_4",
        "logos-package": "logos-package",
        "nix-bundle-appimage": "nix-bundle-appimage",
        "nix-bundle-dir": "nix-bundle-dir_2",
        "nixpkgs": [
          "logos-package-manager",
          "logos-nix",
          "nixpkgs"
        ]
      },
      "locked": {
        "lastModified": 1774532547,
        "narHash": "sha256-QloRHwJ1Vxq27LwL0r8kirjcmMfKT5rAA5ydzZQx4OA=",
        "owner": "logos-co",
        "repo": "logos-package-manager",
        "rev": "e15beeac56265daf423f1d744e34d5405655c0f8",
        "type": "github"
      },
      "original": {
        "owner": "logos-co",
        "repo": "logos-package-manager",
        "type": "github"
      }
    },
    "nix-bundle-appimage": {
      "inputs": {
        "logos-nix": "logos-nix_6",
        "nix-bundle-dir": "nix-bundle-dir",
        "nixpkgs": [
          "logos-package-manager",
          "nix-bundle-appimage",
          "logos-nix",
          "nixpkgs"
        ]
      },
      "locked": {
        "lastModified": 1773961597,
        "narHash": "sha256-UEUlp3VRXBcj2YlOMTQdeW3qjyGJl2V3+GMf8IXwSWA=",
        "owner": "logos-co",
        "repo": "nix-bundle-appimage",
        "rev": "7343f6df1ebab357f51f23dff0af9d7e468638cb",
        "type": "github"
      },
      "original": {
        "owner": "logos-co",
        "repo": "nix-bundle-appimage",
        "type": "github"
      }
    },
    "nix-bundle-appimage_2": {
      "inputs": {
        "logos-nix": "logos-nix_9",
        "nix-bundle-dir": "nix-bundle-dir_3",
        "nixpkgs": [
          "nix-bundle-appimage",
          "logos-nix",
          "nixpkgs"
        ]
      },
      "locked": {
        "lastModified": 1774455478,
        "narHash": "sha256-S8IMfdDc+2Wwri0krLDsIUwSqmwanmvHAJWHOFo8ykk=",
        "owner": "logos-co",
        "repo": "nix-bundle-appimage",
        "rev": "2428125a4a1b34ad9119efa97edb98676283e3da",
        "type": "github"
      },
      "original": {
        "owner": "logos-co",
        "repo": "nix-bundle-appimage",
        "type": "github"
      }
    },
    "nix-bundle-dir": {
      "inputs": {
        "logos-nix": "logos-nix_7",
        "nixpkgs": [
          "logos-package-manager",
          "nix-bundle-appimage",
          "nixpkgs"
        ]
      },
      "locked": {
        "lastModified": 1773961179,
        "narHash": "sha256-bpaTvz//R8WFP5xnnDLv3a9l7unDmBwJjCewx3wCjzM=",
        "owner": "logos-co",
        "repo": "nix-bundle-dir",
        "rev": "cd214dbf15487d80967389847ae2210468be6ebf",
        "type": "github"
      },
      "original": {
        "owner": "logos-co",
        "repo": "nix-bundle-dir",
        "type": "github"
      }
    },
    "nix-bundle-dir_2": {
      "inputs": {
        "logos-nix": "logos-nix_8",
        "nixpkgs": [
          "logos-package-manager",
          "nix-bundle-dir",
          "logos-nix",
          "nixpkgs"
        ]
      },
      "locked": {
        "lastModified": 1773961179,
        "narHash": "sha256-bpaTvz//R8WFP5xnnDLv3a9l7unDmBwJjCewx3wCjzM=",
        "owner": "logos-co",
        "repo": "nix-bundle-dir",
        "rev": "cd214dbf15487d80967389847ae2210468be6ebf",
        "type": "github"
      },
      "original": {
        "owner": "logos-co",
        "repo": "nix-bundle-dir",
        "type": "github"
      }
    },
    "nix-bundle-dir_3": {
      "inputs": {
        "logos-nix": "logos-nix_10",
        "nixpkgs": [
          "nix-bundle-appimage",
          "nixpkgs"
        ]
      },
      "locked": {
        "lastModified": 1773961179,
        "narHash": "sha256-bpaTvz//R8WFP5xnnDLv3a9l7unDmBwJjCewx3wCjzM=",
        "owner": "logos-co",
        "repo": "nix-bundle-dir",
        "rev": "cd214dbf15487d80967389847ae2210468be6ebf",
        "type": "github"
      },
      "original": {
        "owner": "logos-co",
        "repo": "nix-bundle-dir",
        "type": "github"
      }
    },
    "nix-bundle-dir_4": {
      "inputs": {
        "logos-nix": "logos-nix_11",
        "nixpkgs": [
          "nix-bundle-dir",
          "logos-nix",
          "nixpkgs"
        ]
      },
      "locked": {
        "lastModified": 1774455641,
        "narHash": "sha256-HrVJguPxhIoZMCH+x8Wooa0tE6slUhgNOU6P89t2uQc=",
        "owner": "logos-co",
        "repo": "nix-bundle-dir",
        "rev": "3d155cab09051703a0b02ff2de166a53c30cbca8",
        "type": "github"
      },
      "original": {
        "owner": "logos-co",
        "repo": "nix-bundle-dir",
        "type": "github"
      }
    },
    "nixpkgs": {
      "locked": {
        "lastModified": 1759036355,
        "narHash": "sha256-0m27AKv6ka+q270dw48KflE0LwQYrO7Fm4/2//KCVWg=",
        "owner": "NixOS",
        "repo": "nixpkgs",
        "rev": "e9f00bd893984bc8ce46c895c3bf7cac95331127",
        "type": "github"
      },
      "original": {
        "owner": "NixOS",
        "ref": "nixos-unstable",
        "repo": "nixpkgs",
        "type": "github"
      }
    },
    "nixpkgs_10": {
      "locked": {
        "lastModified": 1759036355,
        "narHash": "sha256-0m27AKv6ka+q270dw48KflE0LwQYrO7Fm4/2//KCVWg=",
        "owner": "NixOS",
        "repo": "nixpkgs",
        "rev": "e9f00bd893984bc8ce46c895c3bf7cac95331127",
        "type": "github"
      },
      "original": {
        "owner": "NixOS",
        "ref": "nixos-unstable",
        "repo": "nixpkgs",
        "type": "github"
      }
    },
    "nixpkgs_11": {
      "locked": {
        "lastModified": 1759036355,
        "narHash": "sha256-0m27AKv6ka+q270dw48KflE0LwQYrO7Fm4/2//KCVWg=",
        "owner": "NixOS",
        "repo": "nixpkgs",
        "rev": "e9f00bd893984bc8ce46c895c3bf7cac95331127",
        "type": "github"
      },
      "original": {
        "owner": "NixOS",
        "ref": "nixos-unstable",
        "repo": "nixpkgs",
        "type": "github"
      }
    },
    "nixpkgs_2": {
      "locked": {
        "lastModified": 1759036355,
        "narHash": "sha256-0m27AKv6ka+q270dw48KflE0LwQYrO7Fm4/2//KCVWg=",
        "owner": "NixOS",
        "repo": "nixpkgs",
        "rev": "e9f00bd893984bc8ce46c895c3bf7cac95331127",
        "type": "github"
      },
      "original": {
        "owner": "NixOS",
        "ref": "nixos-unstable",
        "repo": "nixpkgs",
        "type": "github"
      }
    },
    "nixpkgs_3": {
      "locked": {
        "lastModified": 1759036355,
        "narHash": "sha256-0m27AKv6ka+q270dw48KflE0LwQYrO7Fm4/2//KCVWg=",
        "owner": "NixOS",
        "repo": "nixpkgs",
        "rev": "e9f00bd893984bc8ce46c895c3bf7cac95331127",
        "type": "github"
      },
      "original": {
        "owner": "NixOS",
        "ref": "nixos-unstable",
        "repo": "nixpkgs",
        "type": "github"
      }
    },
    "nixpkgs_4": {
      "locked": {
        "lastModified": 1759036355,
        "narHash": "sha256-0m27AKv6ka+q270dw48KflE0LwQYrO7Fm4/2//KCVWg=",
        "owner": "NixOS",
        "repo": "nixpkgs",
        "rev": "e9f00bd893984bc8ce46c895c3bf7cac95331127",
        "type": "github"
      },
      "original": {
        "owner": "NixOS",
        "ref": "nixos-unstable",
        "repo": "nixpkgs",
        "type": "github"
      }
    },
    "nixpkgs_5": {
      "locked": {
        "lastModified": 1759036355,
        "narHash": "sha256-0m27AKv6ka+q270dw48KflE0LwQYrO7Fm4/2//KCVWg=",
        "owner": "NixOS",
        "repo": "nixpkgs",
        "rev": "e9f00bd893984bc8ce46c895c3bf7cac95331127",
        "type": "github"
      },
      "original": {
        "owner": "NixOS",
        "ref": "nixos-unstable",
        "repo": "nixpkgs",
        "type": "github"
      }
    },
    "nixpkgs_6": {
      "locked": {
        "lastModified": 1759036355,
        "narHash": "sha256-0m27AKv6ka+q270dw48KflE0LwQYrO7Fm4/2//KCVWg=",
        "owner": "NixOS",
        "repo": "nixpkgs",
        "rev": "e9f00bd893984bc8ce46c895c3bf7cac95331127",
        "type": "github"
      },
      "original": {
        "owner": "NixOS",
        "ref": "nixos-unstable",
        "repo": "nixpkgs",
        "type": "github"
      }
    },
    "nixpkgs_7": {
      "locked": {
        "lastModified": 1759036355,
        "narHash": "sha256-0m27AKv6ka+q270dw48KflE0LwQYrO7Fm4/2//KCVWg=",
        "owner": "NixOS",
        "repo": "nixpkgs",
        "rev": "e9f00bd893984bc8ce46c895c3bf7cac95331127",
        "type": "github"
      },
      "original": {
        "owner": "NixOS",
        "ref": "nixos-unstable",
        "repo": "nixpkgs",
        "type": "github"
      }
    },
    "nixpkgs_8": {
      "locked": {
        "lastModified": 1759036355,
        "narHash": "sha256-0m27AKv6ka+q270dw48KflE0LwQYrO7Fm4/2//KCVWg=",
        "owner": "NixOS",
        "repo": "nixpkgs",
        "rev": "e9f00bd893984bc8ce46c895c3bf7cac95331127",
        "type": "github"
      },
      "original": {
        "owner": "NixOS",
        "ref": "nixos-unstable",
        "repo": "nixpkgs",
        "type": "github"
      }
    },
    "nixpkgs_9": {
      "locked": {
        "lastModified": 1759036355,
        "narHash": "sha256-0m27AKv6ka+q270dw48KflE0LwQYrO7Fm4/2//KCVWg=",
        "owner": "NixOS",
        "repo": "nixpkgs",
        "rev": "e9f00bd893984bc8ce46c895c3bf7cac95331127",
        "type": "github"
      },
      "original": {
        "owner": "NixOS",
        "ref": "nixos-unstable",
        "repo": "nixpkgs",
        "type": "github"
      }
    },
    "root": {
      "inputs": {
        "logos-cpp-sdk": "logos-cpp-sdk",
        "logos-module": "logos-module",
        "logos-nix": "logos-nix_3",
        "logos-package-manager": "logos-package-manager",
        "nix-bundle-appimage": "nix-bundle-appimage_2",
        "nix-bundle-dir": "nix-bundle-dir_4",
        "nixpkgs": [
          "logos-nix",
          "nixpkgs"
        ]
      }
    }
  },
  "root": "root",
  "version": 7
}
